
Microsoft Visual Studio Solution File, Format Version 12.00
# Visual Studio Version 17
VisualStudioVersion = 17.9.34728.123
MinimumVisualStudioVersion = 10.0.40219.1
Project("{9A19103F-16F7-4668-BE54-9A1E7A4F7556}") = "BugTrackerBC", "BugTrackerBC\BugTrackerBC.csproj", "{0AC8791D-28F1-4915-9EA1-308026D568EA}"
EndProject
Project("{9A19103F-16F7-4668-BE54-9A1E7A4F7556}") = "BugTrackerBC.Client", "BugTrackerBC.Client\BugTrackerBC.Client.csproj", "{3B07DAA9-A66E-4249-9164-BCB613546762}"
EndProject
Global
	GlobalSection(SolutionConfigurationPlatforms) = preSolution
		Debug|Any CPU = Debug|Any CPU
		Release|Any CPU = Release|Any CPU
	EndGlobalSection
	GlobalSection(ProjectConfigurationPlatforms) = postSolution
		{0AC8791D-28F1-4915-9EA1-308026D568EA}.Debug|Any CPU.ActiveCfg = Debug|Any CPU
		{0AC8791D-28F1-4915-9EA1-308026D568EA}.Debug|Any CPU.Build.0 = Debug|Any CPU
		{0AC8791D-28F1-4915-9EA1-308026D568EA}.Release|Any CPU.ActiveCfg = Release|Any CPU
		{0AC8791D-28F1-4915-9EA1-308026D568EA}.Release|Any CPU.Build.0 = Release|Any CPU
		{3B07DAA9-A66E-4249-9164-BCB613546762}.Debug|Any CPU.ActiveCfg = Debug|Any CPU
		{3B07DAA9-A66E-4249-9164-BCB613546762}.Debug|Any CPU.Build.0 = Debug|Any CPU
		{3B07DAA9-A66E-4249-9164-BCB613546762}.Release|Any CPU.ActiveCfg = Release|Any CPU
		{3B07DAA9-A66E-4249-9164-BCB613546762}.Release|Any CPU.Build.0 = Release|Any CPU
	EndGlobalSection
	GlobalSection(SolutionProperties) = preSolution
		HideSolutionNode = FALSE
	EndGlobalSection
	GlobalSection(ExtensibilityGlobals) = postSolution
		SolutionGuid = {2082612A-BB0E-4F7D-B4EE-CCBC1C362104}
	EndGlobalSection
EndGlobal
